
Microsoft Visual Studio Solution File, Format Version 12.00
# Visual Studio Version 16
VisualStudioVersion = 16.0.29509.3
MinimumVisualStudioVersion = 10.0.40219.1
Project("{2150E333-8FDC-42A3-9474-1A3956D46DE8}") = "Auth", "Auth", "{5403260C-846F-4A86-8EA6-852E4952DC0F}"
EndProject
Project("{FAE04EC0-301F-11D3-BF4B-00C04F79EFBC}") = "Auth.Api", "src\Auth.Api\Auth.Api.csproj", "{1FF01562-8CB4-4482-868B-FADCD2ECC7EE}"
EndProject
Project("{2150E333-8FDC-42A3-9474-1A3956D46DE8}") = "Core", "Core", "{BB4BB1EF-8D82-49D8-8B0D-20476EB5DB1F}"
EndProject
Project("{FAE04EC0-301F-11D3-BF4B-00C04F79EFBC}") = "Core.Api", "src\Core.Api\Core.Api.csproj", "{0221736D-A8EB-4E55-AAC7-C40A1A0EE055}"
EndProject
Project("{FAE04EC0-301F-11D3-BF4B-00C04F79EFBC}") = "Core.Repository", "src\Core.Repository\Core.Repository.csproj", "{5AA78875-F768-48D8-B982-A97956146797}"
EndProject
Project("{FAE04EC0-301F-11D3-BF4B-00C04F79EFBC}") = "Core.Ioc", "src\Core.Ioc\Core.Ioc.csproj", "{FC095B54-937F-455D-BB2B-4D5EF3A88925}"
EndProject
Project("{FAE04EC0-301F-11D3-BF4B-00C04F79EFBC}") = "Core.Core", "src\Core.Core\Core.Core.csproj", "{9B08DBC0-6B68-4F7E-A465-44DF0C76B032}"
EndProject
Global
	GlobalSection(SolutionConfigurationPlatforms) = preSolution
		Debug|Any CPU = Debug|Any CPU
		Release|Any CPU = Release|Any CPU
	EndGlobalSection
	GlobalSection(ProjectConfigurationPlatforms) = postSolution
		{1FF01562-8CB4-4482-868B-FADCD2ECC7EE}.Debug|Any CPU.ActiveCfg = Debug|Any CPU
		{1FF01562-8CB4-4482-868B-FADCD2ECC7EE}.Debug|Any CPU.Build.0 = Debug|Any CPU
		{1FF01562-8CB4-4482-868B-FADCD2ECC7EE}.Release|Any CPU.ActiveCfg = Release|Any CPU
		{1FF01562-8CB4-4482-868B-FADCD2ECC7EE}.Release|Any CPU.Build.0 = Release|Any CPU
		{0221736D-A8EB-4E55-AAC7-C40A1A0EE055}.Debug|Any CPU.ActiveCfg = Debug|Any CPU
		{0221736D-A8EB-4E55-AAC7-C40A1A0EE055}.Debug|Any CPU.Build.0 = Debug|Any CPU
		{0221736D-A8EB-4E55-AAC7-C40A1A0EE055}.Release|Any CPU.ActiveCfg = Release|Any CPU
		{0221736D-A8EB-4E55-AAC7-C40A1A0EE055}.Release|Any CPU.Build.0 = Release|Any CPU
		{5AA78875-F768-48D8-B982-A97956146797}.Debug|Any CPU.ActiveCfg = Debug|Any CPU
		{5AA78875-F768-48D8-B982-A97956146797}.Debug|Any CPU.Build.0 = Debug|Any CPU
		{5AA78875-F768-48D8-B982-A97956146797}.Release|Any CPU.ActiveCfg = Release|Any CPU
		{5AA78875-F768-48D8-B982-A97956146797}.Release|Any CPU.Build.0 = Release|Any CPU
		{FC095B54-937F-455D-BB2B-4D5EF3A88925}.Debug|Any CPU.ActiveCfg = Debug|Any CPU
		{FC095B54-937F-455D-BB2B-4D5EF3A88925}.Debug|Any CPU.Build.0 = Debug|Any CPU
		{FC095B54-937F-455D-BB2B-4D5EF3A88925}.Release|Any CPU.ActiveCfg = Release|Any CPU
		{FC095B54-937F-455D-BB2B-4D5EF3A88925}.Release|Any CPU.Build.0 = Release|Any CPU
		{9B08DBC0-6B68-4F7E-A465-44DF0C76B032}.Debug|Any CPU.ActiveCfg = Debug|Any CPU
		{9B08DBC0-6B68-4F7E-A465-44DF0C76B032}.Debug|Any CPU.Build.0 = Debug|Any CPU
		{9B08DBC0-6B68-4F7E-A465-44DF0C76B032}.Release|Any CPU.ActiveCfg = Release|Any CPU
		{9B08DBC0-6B68-4F7E-A465-44DF0C76B032}.Release|Any CPU.Build.0 = Release|Any CPU
	EndGlobalSection
	GlobalSection(SolutionProperties) = preSolution
		HideSolutionNode = FALSE
	EndGlobalSection
	GlobalSection(NestedProjects) = preSolution
		{1FF01562-8CB4-4482-868B-FADCD2ECC7EE} = {5403260C-846F-4A86-8EA6-852E4952DC0F}
		{0221736D-A8EB-4E55-AAC7-C40A1A0EE055} = {BB4BB1EF-8D82-49D8-8B0D-20476EB5DB1F}
		{5AA78875-F768-48D8-B982-A97956146797} = {BB4BB1EF-8D82-49D8-8B0D-20476EB5DB1F}
		{FC095B54-937F-455D-BB2B-4D5EF3A88925} = {BB4BB1EF-8D82-49D8-8B0D-20476EB5DB1F}
		{9B08DBC0-6B68-4F7E-A465-44DF0C76B032} = {BB4BB1EF-8D82-49D8-8B0D-20476EB5DB1F}
	EndGlobalSection
	GlobalSection(ExtensibilityGlobals) = postSolution
		SolutionGuid = {D2DFF906-DF58-4A3B-AADA-903231643E69}
	EndGlobalSection
EndGlobal
